{
  "name": "widgets",
  "lockfileVersion": 3,
  "requires": true,
  "packages": {
    "": {
      "dependencies": {
        "@gokturk413/svg-popup-dialog": "^1.0.0"
      }
    },
    "node_modules/@gokturk413/svg-popup-dialog": {
      "version": "1.0.0",
      "resolved": "https://registry.npmjs.org/@gokturk413/svg-popup-dialog/-/svg-popup-dialog-1.0.0.tgz",
      "integrity": "sha512-RU3ZqLdzS6OiVzr4IlFO3GArWXHkgD4My+eEs6uBjNKF/5Sh5Q/A6J2++sG2B4HV0qIp1++Fc7MHuA+683Av6w==",
      "license": "MIT"
    }
  }
}
